
Microsoft Visual Studio Solution File, Format Version 12.00
# Visual Studio 14
VisualStudioVersion = 14.0.23107.0
MinimumVisualStudioVersion = 10.0.40219.1
Project("{FAE04EC0-301F-11D3-BF4B-00C04F79EFBC}") = "DevOpsQ", "DevOpsQ\DevOpsQ.csproj", "{ECCD28CB-A9AD-4E20-9B11-4857FF7E8531}"
EndProject
Project("{FAE04EC0-301F-11D3-BF4B-00C04F79EFBC}") = "UnitTestProject1", "UnitTestProject1\UnitTestProject1.csproj", "{7285D0A4-C52A-4A4C-B13D-B4E9578D9EC3}"
EndProject
Global
	GlobalSection(SolutionConfigurationPlatforms) = preSolution
		Debug|Any CPU = Debug|Any CPU
		Release|Any CPU = Release|Any CPU
	EndGlobalSection
	GlobalSection(ProjectConfigurationPlatforms) = postSolution
		{ECCD28CB-A9AD-4E20-9B11-4857FF7E8531}.Debug|Any CPU.ActiveCfg = Debug|Any CPU
		{ECCD28CB-A9AD-4E20-9B11-4857FF7E8531}.Debug|Any CPU.Build.0 = Debug|Any CPU
		{ECCD28CB-A9AD-4E20-9B11-4857FF7E8531}.Release|Any CPU.ActiveCfg = Release|Any CPU
		{ECCD28CB-A9AD-4E20-9B11-4857FF7E8531}.Release|Any CPU.Build.0 = Release|Any CPU
		{7285D0A4-C52A-4A4C-B13D-B4E9578D9EC3}.Debug|Any CPU.ActiveCfg = Debug|Any CPU
		{7285D0A4-C52A-4A4C-B13D-B4E9578D9EC3}.Debug|Any CPU.Build.0 = Debug|Any CPU
		{7285D0A4-C52A-4A4C-B13D-B4E9578D9EC3}.Release|Any CPU.ActiveCfg = Release|Any CPU
		{7285D0A4-C52A-4A4C-B13D-B4E9578D9EC3}.Release|Any CPU.Build.0 = Release|Any CPU
	EndGlobalSection
	GlobalSection(SolutionProperties) = preSolution
		HideSolutionNode = FALSE
	EndGlobalSection
EndGlobal
